
Microsoft Visual Studio Solution File, Format Version 12.00
# Visual Studio Version 16
VisualStudioVersion = 16.0.30503.244
MinimumVisualStudioVersion = 10.0.40219.1
Project("{9A19103F-16F7-4668-BE54-9A1E7A4F7556}") = "simplenetcoreapp", "simplenetcoreapp.csproj", "{0774462C-0AC2-4C11-86ED-61FC1379C0C2}"
EndProject
Global
	GlobalSection(SolutionConfigurationPlatforms) = preSolution
		Debug|Any CPU = Debug|Any CPU
		Debug|x64 = Debug|x64
		Release|Any CPU = Release|Any CPU
		Release|x64 = Release|x64
	EndGlobalSection
	GlobalSection(ProjectConfigurationPlatforms) = postSolution
		{0774462C-0AC2-4C11-86ED-61FC1379C0C2}.Debug|Any CPU.ActiveCfg = Debug|Any CPU
		{0774462C-0AC2-4C11-86ED-61FC1379C0C2}.Debug|Any CPU.Build.0 = Debug|Any CPU
		{0774462C-0AC2-4C11-86ED-61FC1379C0C2}.Debug|x64.ActiveCfg = Debug|x64
		{0774462C-0AC2-4C11-86ED-61FC1379C0C2}.Debug|x64.Build.0 = Debug|x64
		{0774462C-0AC2-4C11-86ED-61FC1379C0C2}.Release|Any CPU.ActiveCfg = Release|Any CPU
		{0774462C-0AC2-4C11-86ED-61FC1379C0C2}.Release|Any CPU.Build.0 = Release|Any CPU
		{0774462C-0AC2-4C11-86ED-61FC1379C0C2}.Release|x64.ActiveCfg = Release|x64
		{0774462C-0AC2-4C11-86ED-61FC1379C0C2}.Release|x64.Build.0 = Release|x64
	EndGlobalSection
	GlobalSection(SolutionProperties) = preSolution
		HideSolutionNode = FALSE
	EndGlobalSection
	GlobalSection(ExtensibilityGlobals) = postSolution
		SolutionGuid = {66F59D09-A9D9-48F6-8262-5924C84760A2}
	EndGlobalSection
EndGlobal
